
Microsoft Visual Studio Solution File, Format Version 12.00
# Visual Studio Version 16
VisualStudioVersion = 16.0.29009.5
MinimumVisualStudioVersion = 10.0.40219.1
Project("{9A19103F-16F7-4668-BE54-9A1E7A4F7556}") = "GbfDiscordApp", "GbfDiscordApp\GbfDiscordApp.csproj", "{65834BF8-E76D-4603-802F-058A2A03EC43}"
EndProject
Project("{FAE04EC0-301F-11D3-BF4B-00C04F79EFBC}") = "GbfWeb", "GbfWeb\GbfWeb.csproj", "{CE314ACD-332A-4B82-89BD-6FF281AB5C57}"
EndProject
Global
	GlobalSection(SolutionConfigurationPlatforms) = preSolution
		Debug|Any CPU = Debug|Any CPU
		Release|Any CPU = Release|Any CPU
	EndGlobalSection
	GlobalSection(ProjectConfigurationPlatforms) = postSolution
		{65834BF8-E76D-4603-802F-058A2A03EC43}.Debug|Any CPU.ActiveCfg = Debug|Any CPU
		{65834BF8-E76D-4603-802F-058A2A03EC43}.Debug|Any CPU.Build.0 = Debug|Any CPU
		{65834BF8-E76D-4603-802F-058A2A03EC43}.Release|Any CPU.ActiveCfg = Release|Any CPU
		{65834BF8-E76D-4603-802F-058A2A03EC43}.Release|Any CPU.Build.0 = Release|Any CPU
		{CE314ACD-332A-4B82-89BD-6FF281AB5C57}.Debug|Any CPU.ActiveCfg = Debug|Any CPU
		{CE314ACD-332A-4B82-89BD-6FF281AB5C57}.Debug|Any CPU.Build.0 = Debug|Any CPU
		{CE314ACD-332A-4B82-89BD-6FF281AB5C57}.Release|Any CPU.ActiveCfg = Release|Any CPU
		{CE314ACD-332A-4B82-89BD-6FF281AB5C57}.Release|Any CPU.Build.0 = Release|Any CPU
	EndGlobalSection
	GlobalSection(SolutionProperties) = preSolution
		HideSolutionNode = FALSE
	EndGlobalSection
	GlobalSection(ExtensibilityGlobals) = postSolution
		SolutionGuid = {0DC5F3D6-FCED-4578-A853-62A8D4AEF77E}
	EndGlobalSection
EndGlobal
